<?xml version="1.0" encoding="utf-8"?>
<Project ToolsVersion="4.0" xmlns="http://schemas.microsoft.com/developer/msbuild/2003">
  <ItemGroup>
    <Filter Include="Archivos de encabezado">
      <UniqueIdentifier>{d04f1214-b584-45f0-9214-80ee2fcfd66b}</UniqueIdentifier>
    </Filter>
    <Filter Include="Archivos de origen">
      <UniqueIdentifier>{e73a7cca-d88d-4ba8-9af1-63ab1f139019}</UniqueIdentifier>
    </Filter>
    <Filter Include="ImGui">
      <UniqueIdentifier>{07a2f482-6bdf-458e-81aa-032807659d83}</UniqueIdentifier>
    </Filter>
  </ItemGroup>
  <ItemGroup>
    <ClInclude Include="src\checkML.h">
      <Filter>Archivos de encabezado</Filter>
    </ClInclude>
    <ClInclude Include="src\defs.h">
      <Filter>Archivos de encabezado</Filter>
    </ClInclude>
    <ClInclude Include="src\Loop.h">
      <Filter>Archivos de encabezado</Filter>
    </ClInclude>
    <ClInclude Include="src\kernel.cuh">
      <Filter>Archivos de encabezado</Filter>
    </ClInclude>
    <ClInclude Include="src\utils.h">
      <Filter>Archivos de encabezado</Filter>
    </ClInclude>
  </ItemGroup>
  <ItemGroup>
    <CudaCompile Include="src\kernel.cu">
      <Filter>Archivos de origen</Filter>
    </CudaCompile>
  </ItemGroup>
  <ItemGroup>
    <ClCompile Include="src\Loop.cpp">
      <Filter>Archivos de origen</Filter>
    </ClCompile>
    <ClCompile Include="dependencies\imgui-1.90.8\imgui.cpp">
      <Filter>ImGui</Filter>
    </ClCompile>
    <ClCompile Include="dependencies\imgui-1.90.8\imgui_demo.cpp">
      <Filter>ImGui</Filter>
    </ClCompile>
    <ClCompile Include="dependencies\imgui-1.90.8\imgui_draw.cpp">
      <Filter>ImGui</Filter>
    </ClCompile>
    <ClCompile Include="dependencies\imgui-1.90.8\backends\imgui_impl_sdl2.cpp">
      <Filter>ImGui</Filter>
    </ClCompile>
    <ClCompile Include="dependencies\imgui-1.90.8\backends\imgui_impl_sdlrenderer2.cpp">
      <Filter>ImGui</Filter>
    </ClCompile>
    <ClCompile Include="dependencies\imgui-1.90.8\imgui_tables.cpp">
      <Filter>ImGui</Filter>
    </ClCompile>
    <ClCompile Include="dependencies\imgui-1.90.8\imgui_widgets.cpp">
      <Filter>ImGui</Filter>
    </ClCompile>
    <ClCompile Include="src\main.cpp" />
  </ItemGroup>
</Project>